
Microsoft Visual Studio Solution File, Format Version 12.00
# Visual Studio Version 16
VisualStudioVersion = 16.0.30517.126
MinimumVisualStudioVersion = 10.0.40219.1
Project("{9A19103F-16F7-4668-BE54-9A1E7A4F7556}") = "RazorPagesGeneral", "RazorPagesGeneral\RazorPagesGeneral.csproj", "{2ACCFF57-7C7B-4E57-8B81-67ED590FD4D3}"
EndProject
Project("{9A19103F-16F7-4668-BE54-9A1E7A4F7556}") = "RazorPagesLessons.Models", "RazorPagesLessons.Models\RazorPagesLessons.Models.csproj", "{AF457DB6-5D5C-425A-A44E-60E43A152855}"
EndProject
Project("{9A19103F-16F7-4668-BE54-9A1E7A4F7556}") = "RazorPagesLessons.Services", "RazorPagesLessons.Services\RazorPagesLessons.Services.csproj", "{6A7C898A-CBA0-4824-9E71-FBE29BBD0B71}"
EndProject
Global
	GlobalSection(SolutionConfigurationPlatforms) = preSolution
		Debug|Any CPU = Debug|Any CPU
		Release|Any CPU = Release|Any CPU
	EndGlobalSection
	GlobalSection(ProjectConfigurationPlatforms) = postSolution
		{2ACCFF57-7C7B-4E57-8B81-67ED590FD4D3}.Debug|Any CPU.ActiveCfg = Debug|Any CPU
		{2ACCFF57-7C7B-4E57-8B81-67ED590FD4D3}.Debug|Any CPU.Build.0 = Debug|Any CPU
		{2ACCFF57-7C7B-4E57-8B81-67ED590FD4D3}.Release|Any CPU.ActiveCfg = Release|Any CPU
		{2ACCFF57-7C7B-4E57-8B81-67ED590FD4D3}.Release|Any CPU.Build.0 = Release|Any CPU
		{AF457DB6-5D5C-425A-A44E-60E43A152855}.Debug|Any CPU.ActiveCfg = Debug|Any CPU
		{AF457DB6-5D5C-425A-A44E-60E43A152855}.Debug|Any CPU.Build.0 = Debug|Any CPU
		{AF457DB6-5D5C-425A-A44E-60E43A152855}.Release|Any CPU.ActiveCfg = Release|Any CPU
		{AF457DB6-5D5C-425A-A44E-60E43A152855}.Release|Any CPU.Build.0 = Release|Any CPU
		{6A7C898A-CBA0-4824-9E71-FBE29BBD0B71}.Debug|Any CPU.ActiveCfg = Debug|Any CPU
		{6A7C898A-CBA0-4824-9E71-FBE29BBD0B71}.Debug|Any CPU.Build.0 = Debug|Any CPU
		{6A7C898A-CBA0-4824-9E71-FBE29BBD0B71}.Release|Any CPU.ActiveCfg = Release|Any CPU
		{6A7C898A-CBA0-4824-9E71-FBE29BBD0B71}.Release|Any CPU.Build.0 = Release|Any CPU
	EndGlobalSection
	GlobalSection(SolutionProperties) = preSolution
		HideSolutionNode = FALSE
	EndGlobalSection
	GlobalSection(ExtensibilityGlobals) = postSolution
		SolutionGuid = {DF8CAE0C-2D42-459E-9B3E-E7A4AB03263E}
	EndGlobalSection
EndGlobal
